
Microsoft Visual Studio Solution File, Format Version 12.00
# Visual Studio Version 17
VisualStudioVersion = 17.0.31903.59
MinimumVisualStudioVersion = 10.0.40219.1
Project("{8BC9CEB8-8B4A-11D0-8D11-00A0C91BC942}") = "DZ04OOP-ClassStudent", "DZ04OOP-ClassStudent\DZ04OOP-ClassStudent.vcxproj", "{2C932C24-251C-4267-BB3E-4852C8B064D7}"
EndProject
Global
	GlobalSection(SolutionConfigurationPlatforms) = preSolution
		Debug|x64 = Debug|x64
		Debug|x86 = Debug|x86
		Release|x64 = Release|x64
		Release|x86 = Release|x86
	EndGlobalSection
	GlobalSection(ProjectConfigurationPlatforms) = postSolution
		{2C932C24-251C-4267-BB3E-4852C8B064D7}.Debug|x64.ActiveCfg = Debug|x64
		{2C932C24-251C-4267-BB3E-4852C8B064D7}.Debug|x64.Build.0 = Debug|x64
		{2C932C24-251C-4267-BB3E-4852C8B064D7}.Debug|x86.ActiveCfg = Debug|Win32
		{2C932C24-251C-4267-BB3E-4852C8B064D7}.Debug|x86.Build.0 = Debug|Win32
		{2C932C24-251C-4267-BB3E-4852C8B064D7}.Release|x64.ActiveCfg = Release|x64
		{2C932C24-251C-4267-BB3E-4852C8B064D7}.Release|x64.Build.0 = Release|x64
		{2C932C24-251C-4267-BB3E-4852C8B064D7}.Release|x86.ActiveCfg = Release|Win32
		{2C932C24-251C-4267-BB3E-4852C8B064D7}.Release|x86.Build.0 = Release|Win32
	EndGlobalSection
	GlobalSection(SolutionProperties) = preSolution
		HideSolutionNode = FALSE
	EndGlobalSection
	GlobalSection(ExtensibilityGlobals) = postSolution
		SolutionGuid = {E04EDE10-A85F-4154-A00F-71252E923627}
	EndGlobalSection
EndGlobal
